
Microsoft Visual Studio Solution File, Format Version 12.00
# Visual Studio Version 16
VisualStudioVersion = 16.0.29728.190
MinimumVisualStudioVersion = 10.0.40219.1
Project("{FAE04EC0-301F-11D3-BF4B-00C04F79EFBC}") = "Rock_Paper_Scissors", "Rock_Paper_Scissors\Rock_Paper_Scissors.csproj", "{F24CB7E4-F59B-4A16-8E35-41120F6B0771}"
EndProject
Global
	GlobalSection(SolutionConfigurationPlatforms) = preSolution
		Debug|Any CPU = Debug|Any CPU
		Release|Any CPU = Release|Any CPU
	EndGlobalSection
	GlobalSection(ProjectConfigurationPlatforms) = postSolution
		{F24CB7E4-F59B-4A16-8E35-41120F6B0771}.Debug|Any CPU.ActiveCfg = Debug|Any CPU
		{F24CB7E4-F59B-4A16-8E35-41120F6B0771}.Debug|Any CPU.Build.0 = Debug|Any CPU
		{F24CB7E4-F59B-4A16-8E35-41120F6B0771}.Release|Any CPU.ActiveCfg = Release|Any CPU
		{F24CB7E4-F59B-4A16-8E35-41120F6B0771}.Release|Any CPU.Build.0 = Release|Any CPU
	EndGlobalSection
	GlobalSection(SolutionProperties) = preSolution
		HideSolutionNode = FALSE
	EndGlobalSection
	GlobalSection(ExtensibilityGlobals) = postSolution
		SolutionGuid = {6C62D3B4-4BB3-4341-BFB7-B2B089734B29}
	EndGlobalSection
EndGlobal
